<?xml version="1.0" encoding="utf-8"?>
<Project ToolsVersion="4.0" xmlns="http://schemas.microsoft.com/developer/msbuild/2003">
  <ItemGroup>
    <Filter Include="external">
      <UniqueIdentifier>{2839F3DC-1406-4EE8-3D1F-3C90294B8376}</UniqueIdentifier>
    </Filter>
    <Filter Include="external\ImGuizmo">
      <UniqueIdentifier>{88789350-F48E-91E6-3D06-1D08A95B626E}</UniqueIdentifier>
    </Filter>
    <Filter Include="external\entt">
      <UniqueIdentifier>{72F7B843-DEB7-347A-A7F2-7DF713727956}</UniqueIdentifier>
    </Filter>
    <Filter Include="external\entt\include">
      <UniqueIdentifier>{E570B766-51DD-7261-1AD1-0ABF86FC94C9}</UniqueIdentifier>
    </Filter>
    <Filter Include="external\glm">
      <UniqueIdentifier>{7717D728-637A-66CD-0C00-9F83F8413250}</UniqueIdentifier>
    </Filter>
    <Filter Include="external\glm\glm">
      <UniqueIdentifier>{46850F65-327E-2EB7-5BB0-133C47080EC3}</UniqueIdentifier>
    </Filter>
    <Filter Include="external\glm\glm\detail">
      <UniqueIdentifier>{4812621E-B449-AAB5-BD53-0ED9290AD1AE}</UniqueIdentifier>
    </Filter>
    <Filter Include="external\glm\glm\ext">
      <UniqueIdentifier>{A63B58C0-92CA-E189-3BE9-F5842757F22F}</UniqueIdentifier>
    </Filter>
    <Filter Include="external\glm\glm\gtc">
      <UniqueIdentifier>{934358C0-7FD2-E189-28F1-F584145FF22F}</UniqueIdentifier>
    </Filter>
    <Filter Include="external\glm\glm\gtx">
      <UniqueIdentifier>{A84358C0-94D2-E189-3DF1-F584295FF22F}</UniqueIdentifier>
    </Filter>
    <Filter Include="external\stb_image">
      <UniqueIdentifier>{C27B45E0-AE5F-0636-17C0-008903C3F0B7}</UniqueIdentifier>
    </Filter>
    <Filter Include="src">
      <UniqueIdentifier>{2DAB880B-99B4-887C-2230-9F7C8E38947C}</UniqueIdentifier>
    </Filter>
    <Filter Include="src\Config">
      <UniqueIdentifier>{92319E09-7EE9-DF56-E7F0-B8B2D3C77A47}</UniqueIdentifier>
    </Filter>
    <Filter Include="src\EventSystem">
      <UniqueIdentifier>{631C50F7-CFA7-BDBB-D8B8-40B044C319BC}</UniqueIdentifier>
    </Filter>
    <Filter Include="src\Gui">
      <UniqueIdentifier>{017D2FA9-6D5C-AE44-7674-391BE2D214A6}</UniqueIdentifier>
    </Filter>
    <Filter Include="src\Gui\Font">
      <UniqueIdentifier>{A78E3559-93F1-C4FD-3C77-FDB328B99080}</UniqueIdentifier>
    </Filter>
    <Filter Include="src\Input">
      <UniqueIdentifier>{EC4823B3-58B3-D729-A1F1-88CF0D9BB57E}</UniqueIdentifier>
    </Filter>
    <Filter Include="src\Math">
      <UniqueIdentifier>{261422CF-12E1-7CDA-3BFA-6A822726B268}</UniqueIdentifier>
    </Filter>
    <Filter Include="src\Opium">
      <UniqueIdentifier>{E6D690B3-5241-452A-9B7F-F6CF0729237F}</UniqueIdentifier>
    </Filter>
    <Filter Include="src\Platform">
      <UniqueIdentifier>{21CA02E5-0D2D-9289-B6B2-CA3FA2F45D0C}</UniqueIdentifier>
    </Filter>
    <Filter Include="src\Platform\OpenGL">
      <UniqueIdentifier>{35A49437-A105-7245-2A73-B8F796D3A804}</UniqueIdentifier>
    </Filter>
    <Filter Include="src\Platform\Windows">
      <UniqueIdentifier>{5B054582-4794-CE4B-F0B2-E246DC20DFF1}</UniqueIdentifier>
    </Filter>
    <Filter Include="src\Profiling">
      <UniqueIdentifier>{E6A32224-5264-9E5A-1B9F-E7D7871EE336}</UniqueIdentifier>
    </Filter>
    <Filter Include="src\Renderer">
      <UniqueIdentifier>{73D1DFBF-5F34-6F64-08BA-A71AF4FB3AE7}</UniqueIdentifier>
    </Filter>
    <Filter Include="src\Scene">
      <UniqueIdentifier>{0A06D2B3-7670-862A-BFAE-37D02B58647F}</UniqueIdentifier>
    </Filter>
    <Filter Include="src\ScriptManager">
      <UniqueIdentifier>{8C4688AF-F85C-8645-41D4-1167AD2957CD}</UniqueIdentifier>
    </Filter>
    <Filter Include="src\Utils">
      <UniqueIdentifier>{4D9AFFB3-B904-B42A-0243-65D06EEC917F}</UniqueIdentifier>
    </Filter>
    <Filter Include="src\Window">
      <UniqueIdentifier>{74C3D837-607B-1A85-C982-F3E0B559B575}</UniqueIdentifier>
    </Filter>
  </ItemGroup>
  <ItemGroup>
    <ClInclude Include="external\ImGuizmo\GraphEditor.h">
      <Filter>external\ImGuizmo</Filter>
    </ClInclude>
    <ClInclude Include="external\ImGuizmo\ImCurveEdit.h">
      <Filter>external\ImGuizmo</Filter>
    </ClInclude>
    <ClInclude Include="external\ImGuizmo\ImGradient.h">
      <Filter>external\ImGuizmo</Filter>
    </ClInclude>
    <ClInclude Include="external\ImGuizmo\ImGuizmo.h">
      <Filter>external\ImGuizmo</Filter>
    </ClInclude>
    <ClInclude Include="external\ImGuizmo\ImSequencer.h">
      <Filter>external\ImGuizmo</Filter>
    </ClInclude>
    <ClInclude Include="external\ImGuizmo\ImZoomSlider.h">
      <Filter>external\ImGuizmo</Filter>
    </ClInclude>
    <ClInclude Include="external\entt\include\entt.hpp">
      <Filter>external\entt\include</Filter>
    </ClInclude>
    <ClInclude Include="external\glm\glm\common.hpp">
      <Filter>external\glm\glm</Filter>
    </ClInclude>
    <ClInclude Include="external\glm\glm\detail\_features.hpp">
      <Filter>external\glm\glm\detail</Filter>
    </ClInclude>
    <ClInclude Include="external\glm\glm\detail\_fixes.hpp">
      <Filter>external\glm\glm\detail</Filter>
    </ClInclude>
    <ClInclude Include="external\glm\glm\detail\_noise.hpp">
      <Filter>external\glm\glm\detail</Filter>
    </ClInclude>
    <ClInclude Include="external\glm\glm\detail\_swizzle.hpp">
      <Filter>external\glm\glm\detail</Filter>
    </ClInclude>
    <ClInclude Include="external\glm\glm\detail\_swizzle_func.hpp">
      <Filter>external\glm\glm\detail</Filter>
    </ClInclude>
    <ClInclude Include="external\glm\glm\detail\_vectorize.hpp">
      <Filter>external\glm\glm\detail</Filter>
    </ClInclude>
    <ClInclude Include="external\glm\glm\detail\compute_common.hpp">
      <Filter>external\glm\glm\detail</Filter>
    </ClInclude>
    <ClInclude Include="external\glm\glm\detail\compute_vector_relational.hpp">
      <Filter>external\glm\glm\detail</Filter>
    </ClInclude>
    <ClInclude Include="external\glm\glm\detail\func_common.inl">
      <Filter>external\glm\glm\detail</Filter>
    </ClInclude>
    <ClInclude Include="external\glm\glm\detail\func_common_simd.inl">
      <Filter>external\glm\glm\detail</Filter>
    </ClInclude>
    <ClInclude Include="external\glm\glm\detail\func_exponential.inl">
      <Filter>external\glm\glm\detail</Filter>
    </ClInclude>
    <ClInclude Include="external\glm\glm\detail\func_exponential_simd.inl">
      <Filter>external\glm\glm\detail</Filter>
    </ClInclude>
    <ClInclude Include="external\glm\glm\detail\func_geometric.inl">
      <Filter>external\glm\glm\detail</Filter>
    </ClInclude>
    <ClInclude Include="external\glm\glm\detail\func_geometric_simd.inl">
      <Filter>external\glm\glm\detail</Filter>
    </ClInclude>
    <ClInclude Include="external\glm\glm\detail\func_integer.inl">
      <Filter>external\glm\glm\detail</Filter>
    </ClInclude>
    <ClInclude Include="external\glm\glm\detail\func_integer_simd.inl">
      <Filter>external\glm\glm\detail</Filter>
    </ClInclude>
    <ClInclude Include="external\glm\glm\detail\func_matrix.inl">
      <Filter>external\glm\glm\detail</Filter>
    </ClInclude>
    <ClInclude Include="external\glm\glm\detail\func_matrix_simd.inl">
      <Filter>external\glm\glm\detail</Filter>
    </ClInclude>
    <ClInclude Include="external\glm\glm\detail\func_packing.inl">
      <Filter>external\glm\glm\detail</Filter>
    </ClInclude>
    <ClInclude Include="external\glm\glm\detail\func_packing_simd.inl">
      <Filter>external\glm\glm\detail</Filter>
    </ClInclude>
    <ClInclude Include="external\glm\glm\detail\func_trigonometric.inl">
      <Filter>external\glm\glm\detail</Filter>
    </ClInclude>
    <ClInclude Include="external\glm\glm\detail\func_trigonometric_simd.inl">
      <Filter>external\glm\glm\detail</Filter>
    </ClInclude>
    <ClInclude Include="external\glm\glm\detail\func_vector_relational.inl">
      <Filter>external\glm\glm\detail</Filter>
    </ClInclude>
    <ClInclude Include="external\glm\glm\detail\func_vector_relational_simd.inl">
      <Filter>external\glm\glm\detail</Filter>
    </ClInclude>
    <ClInclude Include="external\glm\glm\detail\qualifier.hpp">
      <Filter>external\glm\glm\detail</Filter>
    </ClInclude>
    <ClInclude Include="external\glm\glm\detail\setup.hpp">
      <Filter>external\glm\glm\detail</Filter>
    </ClInclude>
    <ClInclude Include="external\glm\glm\detail\type_float.hpp">
      <Filter>external\glm\glm\detail</Filter>
    </ClInclude>
    <ClInclude Include="external\glm\glm\detail\type_half.hpp">
      <Filter>external\glm\glm\detail</Filter>
    </ClInclude>
    <ClInclude Include="external\glm\glm\detail\type_half.inl">
      <Filter>external\glm\glm\detail</Filter>
    </ClInclude>
    <ClInclude Include="external\glm\glm\detail\type_mat2x2.hpp">
      <Filter>external\glm\glm\detail</Filter>
    </ClInclude>
    <ClInclude Include="external\glm\glm\detail\type_mat2x2.inl">
      <Filter>external\glm\glm\detail</Filter>
    </ClInclude>
    <ClInclude Include="external\glm\glm\detail\type_mat2x3.hpp">
      <Filter>external\glm\glm\detail</Filter>
    </ClInclude>
    <ClInclude Include="external\glm\glm\detail\type_mat2x3.inl">
      <Filter>external\glm\glm\detail</Filter>
    </ClInclude>
    <ClInclude Include="external\glm\glm\detail\type_mat2x4.hpp">
      <Filter>external\glm\glm\detail</Filter>
    </ClInclude>
    <ClInclude Include="external\glm\glm\detail\type_mat2x4.inl">
      <Filter>external\glm\glm\detail</Filter>
    </ClInclude>
    <ClInclude Include="external\glm\glm\detail\type_mat3x2.hpp">
      <Filter>external\glm\glm\detail</Filter>
    </ClInclude>
    <ClInclude Include="external\glm\glm\detail\type_mat3x2.inl">
      <Filter>external\glm\glm\detail</Filter>
    </ClInclude>
    <ClInclude Include="external\glm\glm\detail\type_mat3x3.hpp">
      <Filter>external\glm\glm\detail</Filter>
    </ClInclude>
    <ClInclude Include="external\glm\glm\detail\type_mat3x3.inl">
      <Filter>external\glm\glm\detail</Filter>
    </ClInclude>
    <ClInclude Include="external\glm\glm\detail\type_mat3x4.hpp">
      <Filter>external\glm\glm\detail</Filter>
    </ClInclude>
    <ClInclude Include="external\glm\glm\detail\type_mat3x4.inl">
      <Filter>external\glm\glm\detail</Filter>
    </ClInclude>
    <ClInclude Include="external\glm\glm\detail\type_mat4x2.hpp">
      <Filter>external\glm\glm\detail</Filter>
    </ClInclude>
    <ClInclude Include="external\glm\glm\detail\type_mat4x2.inl">
      <Filter>external\glm\glm\detail</Filter>
    </ClInclude>
    <ClInclude Include="external\glm\glm\detail\type_mat4x3.hpp">
      <Filter>external\glm\glm\detail</Filter>
    </ClInclude>
    <ClInclude Include="external\glm\glm\detail\type_mat4x3.inl">
      <Filter>external\glm\glm\detail</Filter>
    </ClInclude>
    <ClInclude Include="external\glm\glm\detail\type_mat4x4.hpp">
      <Filter>external\glm\glm\detail</Filter>
    </ClInclude>
    <ClInclude Include="external\glm\glm\detail\type_mat4x4.inl">
      <Filter>external\glm\glm\detail</Filter>
    </ClInclude>
    <ClInclude Include="external\glm\glm\detail\type_mat4x4_simd.inl">
      <Filter>external\glm\glm\detail</Filter>
    </ClInclude>
    <ClInclude Include="external\glm\glm\detail\type_quat.hpp">
      <Filter>external\glm\glm\detail</Filter>
    </ClInclude>
    <ClInclude Include="external\glm\glm\detail\type_quat.inl">
      <Filter>external\glm\glm\detail</Filter>
    </ClInclude>
    <ClInclude Include="external\glm\glm\detail\type_quat_simd.inl">
      <Filter>external\glm\glm\detail</Filter>
    </ClInclude>
    <ClInclude Include="external\glm\glm\detail\type_vec1.hpp">
      <Filter>external\glm\glm\detail</Filter>
    </ClInclude>
    <ClInclude Include="external\glm\glm\detail\type_vec1.inl">
      <Filter>external\glm\glm\detail</Filter>
    </ClInclude>
    <ClInclude Include="external\glm\glm\detail\type_vec2.hpp">
      <Filter>external\glm\glm\detail</Filter>
    </ClInclude>
    <ClInclude Include="external\glm\glm\detail\type_vec2.inl">
      <Filter>external\glm\glm\detail</Filter>
    </ClInclude>
    <ClInclude Include="external\glm\glm\detail\type_vec3.hpp">
      <Filter>external\glm\glm\detail</Filter>
    </ClInclude>
    <ClInclude Include="external\glm\glm\detail\type_vec3.inl">
      <Filter>external\glm\glm\detail</Filter>
    </ClInclude>
    <ClInclude Include="external\glm\glm\detail\type_vec4.hpp">
      <Filter>external\glm\glm\detail</Filter>
    </ClInclude>
    <ClInclude Include="external\glm\glm\detail\type_vec4.inl">
      <Filter>external\glm\glm\detail</Filter>
    </ClInclude>
    <ClInclude Include="external\glm\glm\detail\type_vec4_simd.inl">
      <Filter>external\glm\glm\detail</Filter>
    </ClInclude>
    <ClInclude Include="external\glm\glm\exponential.hpp">
      <Filter>external\glm\glm</Filter>
    </ClInclude>
    <ClInclude Include="external\glm\glm\ext.hpp">
      <Filter>external\glm\glm</Filter>
    </ClInclude>
    <ClInclude Include="external\glm\glm\ext\matrix_clip_space.hpp">
      <Filter>external\glm\glm\ext</Filter>
    </ClInclude>
    <ClInclude Include="external\glm\glm\ext\matrix_clip_space.inl">
      <Filter>external\glm\glm\ext</Filter>
    </ClInclude>
    <ClInclude Include="external\glm\glm\ext\matrix_common.hpp">
      <Filter>external\glm\glm\ext</Filter>
    </ClInclude>
    <ClInclude Include="external\glm\glm\ext\matrix_common.inl">
      <Filter>external\glm\glm\ext</Filter>
    </ClInclude>
    <ClInclude Include="external\glm\glm\ext\matrix_double2x2.hpp">
      <Filter>external\glm\glm\ext</Filter>
    </ClInclude>
    <ClInclude Include="external\glm\glm\ext\matrix_double2x2_precision.hpp">
      <Filter>external\glm\glm\ext</Filter>
    </ClInclude>
    <ClInclude Include="external\glm\glm\ext\matrix_double2x3.hpp">
      <Filter>external\glm\glm\ext</Filter>
    </ClInclude>
    <ClInclude Include="external\glm\glm\ext\matrix_double2x3_precision.hpp">
      <Filter>external\glm\glm\ext</Filter>
    </ClInclude>
    <ClInclude Include="external\glm\glm\ext\matrix_double2x4.hpp">
      <Filter>external\glm\glm\ext</Filter>
    </ClInclude>
    <ClInclude Include="external\glm\glm\ext\matrix_double2x4_precision.hpp">
      <Filter>external\glm\glm\ext</Filter>
    </ClInclude>
    <ClInclude Include="external\glm\glm\ext\matrix_double3x2.hpp">
      <Filter>external\glm\glm\ext</Filter>
    </ClInclude>
    <ClInclude Include="external\glm\glm\ext\matrix_double3x2_precision.hpp">
      <Filter>external\glm\glm\ext</Filter>
    </ClInclude>
    <ClInclude Include="external\glm\glm\ext\matrix_double3x3.hpp">
      <Filter>external\glm\glm\ext</Filter>
    </ClInclude>
    <ClInclude Include="external\glm\glm\ext\matrix_double3x3_precision.hpp">
      <Filter>external\glm\glm\ext</Filter>
    </ClInclude>
    <ClInclude Include="external\glm\glm\ext\matrix_double3x4.hpp">
      <Filter>external\glm\glm\ext</Filter>
    </ClInclude>
    <ClInclude Include="external\glm\glm\ext\matrix_double3x4_precision.hpp">
      <Filter>external\glm\glm\ext</Filter>
    </ClInclude>
    <ClInclude Include="external\glm\glm\ext\matrix_double4x2.hpp">
      <Filter>external\glm\glm\ext</Filter>
    </ClInclude>
    <ClInclude Include="external\glm\glm\ext\matrix_double4x2_precision.hpp">
      <Filter>external\glm\glm\ext</Filter>
    </ClInclude>
    <ClInclude Include="external\glm\glm\ext\matrix_double4x3.hpp">
      <Filter>external\glm\glm\ext</Filter>
    </ClInclude>
    <ClInclude Include="external\glm\glm\ext\matrix_double4x3_precision.hpp">
      <Filter>external\glm\glm\ext</Filter>
    </ClInclude>
    <ClInclude Include="external\glm\glm\ext\matrix_double4x4.hpp">
      <Filter>external\glm\glm\ext</Filter>
    </ClInclude>
    <ClInclude Include="external\glm\glm\ext\matrix_double4x4_precision.hpp">
      <Filter>external\glm\glm\ext</Filter>
    </ClInclude>
    <ClInclude Include="external\glm\glm\ext\matrix_float2x2.hpp">
      <Filter>external\glm\glm\ext</Filter>
    </ClInclude>
    <ClInclude Include="external\glm\glm\ext\matrix_float2x2_precision.hpp">
      <Filter>external\glm\glm\ext</Filter>
    </ClInclude>
    <ClInclude Include="external\glm\glm\ext\matrix_float2x3.hpp">
      <Filter>external\glm\glm\ext</Filter>
    </ClInclude>
    <ClInclude Include="external\glm\glm\ext\matrix_float2x3_precision.hpp">
      <Filter>external\glm\glm\ext</Filter>
    </ClInclude>
    <ClInclude Include="external\glm\glm\ext\matrix_float2x4.hpp">
      <Filter>external\glm\glm\ext</Filter>
    </ClInclude>
    <ClInclude Include="external\glm\glm\ext\matrix_float2x4_precision.hpp">
      <Filter>external\glm\glm\ext</Filter>
    </ClInclude>
    <ClInclude Include="external\glm\glm\ext\matrix_float3x2.hpp">
      <Filter>external\glm\glm\ext</Filter>
    </ClInclude>
    <ClInclude Include="external\glm\glm\ext\matrix_float3x2_precision.hpp">
      <Filter>external\glm\glm\ext</Filter>
    </ClInclude>
    <ClInclude Include="external\glm\glm\ext\matrix_float3x3.hpp">
      <Filter>external\glm\glm\ext</Filter>
    </ClInclude>
    <ClInclude Include="external\glm\glm\ext\matrix_float3x3_precision.hpp">
      <Filter>external\glm\glm\ext</Filter>
    </ClInclude>
    <ClInclude Include="external\glm\glm\ext\matrix_float3x4.hpp">
      <Filter>external\glm\glm\ext</Filter>
    </ClInclude>
    <ClInclude Include="external\glm\glm\ext\matrix_float3x4_precision.hpp">
      <Filter>external\glm\glm\ext</Filter>
    </ClInclude>
    <ClInclude Include="external\glm\glm\ext\matrix_float4x2.hpp">
      <Filter>external\glm\glm\ext</Filter>
    </ClInclude>
    <ClInclude Include="external\glm\glm\ext\matrix_float4x2_precision.hpp">
      <Filter>external\glm\glm\ext</Filter>
    </ClInclude>
    <ClInclude Include="external\glm\glm\ext\matrix_float4x3.hpp">
      <Filter>external\glm\glm\ext</Filter>
    </ClInclude>
    <ClInclude Include="external\glm\glm\ext\matrix_float4x3_precision.hpp">
      <Filter>external\glm\glm\ext</Filter>
    </ClInclude>
    <ClInclude Include="external\glm\glm\ext\matrix_float4x4.hpp">
      <Filter>external\glm\glm\ext</Filter>
    </ClInclude>
    <ClInclude Include="external\glm\glm\ext\matrix_float4x4_precision.hpp">
      <Filter>external\glm\glm\ext</Filter>
    </ClInclude>
    <ClInclude Include="external\glm\glm\ext\matrix_int2x2.hpp">
      <Filter>external\glm\glm\ext</Filter>
    </ClInclude>
    <ClInclude Include="external\glm\glm\ext\matrix_int2x2_sized.hpp">
      <Filter>external\glm\glm\ext</Filter>
    </ClInclude>
    <ClInclude Include="external\glm\glm\ext\matrix_int2x3.hpp">
      <Filter>external\glm\glm\ext</Filter>
    </ClInclude>
    <ClInclude Include="external\glm\glm\ext\matrix_int2x3_sized.hpp">
      <Filter>external\glm\glm\ext</Filter>
    </ClInclude>
    <ClInclude Include="external\glm\glm\ext\matrix_int2x4.hpp">
      <Filter>external\glm\glm\ext</Filter>
    </ClInclude>
    <ClInclude Include="external\glm\glm\ext\matrix_int2x4_sized.hpp">
      <Filter>external\glm\glm\ext</Filter>
    </ClInclude>
    <ClInclude Include="external\glm\glm\ext\matrix_int3x2.hpp">
      <Filter>external\glm\glm\ext</Filter>
    </ClInclude>
    <ClInclude Include="external\glm\glm\ext\matrix_int3x2_sized.hpp">
      <Filter>external\glm\glm\ext</Filter>
    </ClInclude>
    <ClInclude Include="external\glm\glm\ext\matrix_int3x3.hpp">
      <Filter>external\glm\glm\ext</Filter>
    </ClInclude>
    <ClInclude Include="external\glm\glm\ext\matrix_int3x3_sized.hpp">
      <Filter>external\glm\glm\ext</Filter>
    </ClInclude>
    <ClInclude Include="external\glm\glm\ext\matrix_int3x4.hpp">
      <Filter>external\glm\glm\ext</Filter>
    </ClInclude>
    <ClInclude Include="external\glm\glm\ext\matrix_int3x4_sized.hpp">
      <Filter>external\glm\glm\ext</Filter>
    </ClInclude>
    <ClInclude Include="external\glm\glm\ext\matrix_int4x2.hpp">
      <Filter>external\glm\glm\ext</Filter>
    </ClInclude>
    <ClInclude Include="external\glm\glm\ext\matrix_int4x2_sized.hpp">
      <Filter>external\glm\glm\ext</Filter>
    </ClInclude>
    <ClInclude Include="external\glm\glm\ext\matrix_int4x3.hpp">
      <Filter>external\glm\glm\ext</Filter>
    </ClInclude>
    <ClInclude Include="external\glm\glm\ext\matrix_int4x3_sized.hpp">
      <Filter>external\glm\glm\ext</Filter>
    </ClInclude>
    <ClInclude Include="external\glm\glm\ext\matrix_int4x4.hpp">
      <Filter>external\glm\glm\ext</Filter>
    </ClInclude>
    <ClInclude Include="external\glm\glm\ext\matrix_int4x4_sized.hpp">
      <Filter>external\glm\glm\ext</Filter>
    </ClInclude>
    <ClInclude Include="external\glm\glm\ext\matrix_integer.hpp">
      <Filter>external\glm\glm\ext</Filter>
    </ClInclude>
    <ClInclude Include="external\glm\glm\ext\matrix_integer.inl">
      <Filter>external\glm\glm\ext</Filter>
    </ClInclude>
    <ClInclude Include="external\glm\glm\ext\matrix_projection.hpp">
      <Filter>external\glm\glm\ext</Filter>
    </ClInclude>
    <ClInclude Include="external\glm\glm\ext\matrix_projection.inl">
      <Filter>external\glm\glm\ext</Filter>
    </ClInclude>
    <ClInclude Include="external\glm\glm\ext\matrix_relational.hpp">
      <Filter>external\glm\glm\ext</Filter>
    </ClInclude>
    <ClInclude Include="external\glm\glm\ext\matrix_relational.inl">
      <Filter>external\glm\glm\ext</Filter>
    </ClInclude>
    <ClInclude Include="external\glm\glm\ext\matrix_transform.hpp">
      <Filter>external\glm\glm\ext</Filter>
    </ClInclude>
    <ClInclude Include="external\glm\glm\ext\matrix_transform.inl">
      <Filter>external\glm\glm\ext</Filter>
    </ClInclude>
    <ClInclude Include="external\glm\glm\ext\matrix_uint2x2.hpp">
      <Filter>external\glm\glm\ext</Filter>
    </ClInclude>
    <ClInclude Include="external\glm\glm\ext\matrix_uint2x2_sized.hpp">
      <Filter>external\glm\glm\ext</Filter>
    </ClInclude>
    <ClInclude Include="external\glm\glm\ext\matrix_uint2x3.hpp">
      <Filter>external\glm\glm\ext</Filter>
    </ClInclude>
    <ClInclude Include="external\glm\glm\ext\matrix_uint2x3_sized.hpp">
      <Filter>external\glm\glm\ext</Filter>
    </ClInclude>
    <ClInclude Include="external\glm\glm\ext\matrix_uint2x4.hpp">
      <Filter>external\glm\glm\ext</Filter>
    </ClInclude>
    <ClInclude Include="external\glm\glm\ext\matrix_uint2x4_sized.hpp">
      <Filter>external\glm\glm\ext</Filter>
    </ClInclude>
    <ClInclude Include="external\glm\glm\ext\matrix_uint3x2.hpp">
      <Filter>external\glm\glm\ext</Filter>
    </ClInclude>
    <ClInclude Include="external\glm\glm\ext\matrix_uint3x2_sized.hpp">
      <Filter>external\glm\glm\ext</Filter>
    </ClInclude>
    <ClInclude Include="external\glm\glm\ext\matrix_uint3x3.hpp">
      <Filter>external\glm\glm\ext</Filter>
    </ClInclude>
    <ClInclude Include="external\glm\glm\ext\matrix_uint3x3_sized.hpp">
      <Filter>external\glm\glm\ext</Filter>
    </ClInclude>
    <ClInclude Include="external\glm\glm\ext\matrix_uint3x4.hpp">
      <Filter>external\glm\glm\ext</Filter>
    </ClInclude>
    <ClInclude Include="external\glm\glm\ext\matrix_uint3x4_sized.hpp">
      <Filter>external\glm\glm\ext</Filter>
    </ClInclude>
    <ClInclude Include="external\glm\glm\ext\matrix_uint4x2.hpp">
      <Filter>external\glm\glm\ext</Filter>
    </ClInclude>
    <ClInclude Include="external\glm\glm\ext\matrix_uint4x2_sized.hpp">
      <Filter>external\glm\glm\ext</Filter>
    </ClInclude>
    <ClInclude Include="external\glm\glm\ext\matrix_uint4x3.hpp">
      <Filter>external\glm\glm\ext</Filter>
    </ClInclude>
    <ClInclude Include="external\glm\glm\ext\matrix_uint4x3_sized.hpp">
      <Filter>external\glm\glm\ext</Filter>
    </ClInclude>
    <ClInclude Include="external\glm\glm\ext\matrix_uint4x4.hpp">
      <Filter>external\glm\glm\ext</Filter>
    </ClInclude>
    <ClInclude Include="external\glm\glm\ext\matrix_uint4x4_sized.hpp">
      <Filter>external\glm\glm\ext</Filter>
    </ClInclude>
    <ClInclude Include="external\glm\glm\ext\quaternion_common.hpp">
      <Filter>external\glm\glm\ext</Filter>
    </ClInclude>
    <ClInclude Include="external\glm\glm\ext\quaternion_common.inl">
      <Filter>external\glm\glm\ext</Filter>
    </ClInclude>
    <ClInclude Include="external\glm\glm\ext\quaternion_common_simd.inl">
      <Filter>external\glm\glm\ext</Filter>
    </ClInclude>
    <ClInclude Include="external\glm\glm\ext\quaternion_double.hpp">
      <Filter>external\glm\glm\ext</Filter>
    </ClInclude>
    <ClInclude Include="external\glm\glm\ext\quaternion_double_precision.hpp">
      <Filter>external\glm\glm\ext</Filter>
    </ClInclude>
    <ClInclude Include="external\glm\glm\ext\quaternion_exponential.hpp">
      <Filter>external\glm\glm\ext</Filter>
    </ClInclude>
    <ClInclude Include="external\glm\glm\ext\quaternion_exponential.inl">
      <Filter>external\glm\glm\ext</Filter>
    </ClInclude>
    <ClInclude Include="external\glm\glm\ext\quaternion_float.hpp">
      <Filter>external\glm\glm\ext</Filter>
    </ClInclude>
    <ClInclude Include="external\glm\glm\ext\quaternion_float_precision.hpp">
      <Filter>external\glm\glm\ext</Filter>
    </ClInclude>
    <ClInclude Include="external\glm\glm\ext\quaternion_geometric.hpp">
      <Filter>external\glm\glm\ext</Filter>
    </ClInclude>
    <ClInclude Include="external\glm\glm\ext\quaternion_geometric.inl">
      <Filter>external\glm\glm\ext</Filter>
    </ClInclude>
    <ClInclude Include="external\glm\glm\ext\quaternion_relational.hpp">
      <Filter>external\glm\glm\ext</Filter>
    </ClInclude>
    <ClInclude Include="external\glm\glm\ext\quaternion_relational.inl">
      <Filter>external\glm\glm\ext</Filter>
    </ClInclude>
    <ClInclude Include="external\glm\glm\ext\quaternion_transform.hpp">
      <Filter>external\glm\glm\ext</Filter>
    </ClInclude>
    <ClInclude Include="external\glm\glm\ext\quaternion_transform.inl">
      <Filter>external\glm\glm\ext</Filter>
    </ClInclude>
    <ClInclude Include="external\glm\glm\ext\quaternion_trigonometric.hpp">
      <Filter>external\glm\glm\ext</Filter>
    </ClInclude>
    <ClInclude Include="external\glm\glm\ext\quaternion_trigonometric.inl">
      <Filter>external\glm\glm\ext</Filter>
    </ClInclude>
    <ClInclude Include="external\glm\glm\ext\scalar_common.hpp">
      <Filter>external\glm\glm\ext</Filter>
    </ClInclude>
    <ClInclude Include="external\glm\glm\ext\scalar_common.inl">
      <Filter>external\glm\glm\ext</Filter>
    </ClInclude>
    <ClInclude Include="external\glm\glm\ext\scalar_constants.hpp">
      <Filter>external\glm\glm\ext</Filter>
    </ClInclude>
    <ClInclude Include="external\glm\glm\ext\scalar_constants.inl">
      <Filter>external\glm\glm\ext</Filter>
    </ClInclude>
    <ClInclude Include="external\glm\glm\ext\scalar_int_sized.hpp">
      <Filter>external\glm\glm\ext</Filter>
    </ClInclude>
    <ClInclude Include="external\glm\glm\ext\scalar_integer.hpp">
      <Filter>external\glm\glm\ext</Filter>
    </ClInclude>
    <ClInclude Include="external\glm\glm\ext\scalar_integer.inl">
      <Filter>external\glm\glm\ext</Filter>
    </ClInclude>
    <ClInclude Include="external\glm\glm\ext\scalar_packing.hpp">
      <Filter>external\glm\glm\ext</Filter>
    </ClInclude>
    <ClInclude Include="external\glm\glm\ext\scalar_packing.inl">
      <Filter>external\glm\glm\ext</Filter>
    </ClInclude>
    <ClInclude Include="external\glm\glm\ext\scalar_reciprocal.hpp">
      <Filter>external\glm\glm\ext</Filter>
    </ClInclude>
    <ClInclude Include="external\glm\glm\ext\scalar_reciprocal.inl">
      <Filter>external\glm\glm\ext</Filter>
    </ClInclude>
    <ClInclude Include="external\glm\glm\ext\scalar_relational.hpp">
      <Filter>external\glm\glm\ext</Filter>
    </ClInclude>
    <ClInclude Include="external\glm\glm\ext\scalar_relational.inl">
      <Filter>external\glm\glm\ext</Filter>
    </ClInclude>
    <ClInclude Include="external\glm\glm\ext\scalar_uint_sized.hpp">
      <Filter>external\glm\glm\ext</Filter>
    </ClInclude>
    <ClInclude Include="external\glm\glm\ext\scalar_ulp.hpp">
      <Filter>external\glm\glm\ext</Filter>
    </ClInclude>
    <ClInclude Include="external\glm\glm\ext\scalar_ulp.inl">
      <Filter>external\glm\glm\ext</Filter>
    </ClInclude>
    <ClInclude Include="external\glm\glm\ext\vector_bool1.hpp">
      <Filter>external\glm\glm\ext</Filter>
    </ClInclude>
    <ClInclude Include="external\glm\glm\ext\vector_bool1_precision.hpp">
      <Filter>external\glm\glm\ext</Filter>
    </ClInclude>
    <ClInclude Include="external\glm\glm\ext\vector_bool2.hpp">
      <Filter>external\glm\glm\ext</Filter>
    </ClInclude>
    <ClInclude Include="external\glm\glm\ext\vector_bool2_precision.hpp">
      <Filter>external\glm\glm\ext</Filter>
    </ClInclude>
    <ClInclude Include="external\glm\glm\ext\vector_bool3.hpp">
      <Filter>external\glm\glm\ext</Filter>
    </ClInclude>
    <ClInclude Include="external\glm\glm\ext\vector_bool3_precision.hpp">
      <Filter>external\glm\glm\ext</Filter>
    </ClInclude>
    <ClInclude Include="external\glm\glm\ext\vector_bool4.hpp">
      <Filter>external\glm\glm\ext</Filter>
    </ClInclude>
    <ClInclude Include="external\glm\glm\ext\vector_bool4_precision.hpp">
      <Filter>external\glm\glm\ext</Filter>
    </ClInclude>
    <ClInclude Include="external\glm\glm\ext\vector_common.hpp">
      <Filter>external\glm\glm\ext</Filter>
    </ClInclude>
    <ClInclude Include="external\glm\glm\ext\vector_common.inl">
      <Filter>external\glm\glm\ext</Filter>
    </ClInclude>
    <ClInclude Include="external\glm\glm\ext\vector_double1.hpp">
      <Filter>external\glm\glm\ext</Filter>
    </ClInclude>
    <ClInclude Include="external\glm\glm\ext\vector_double1_precision.hpp">
      <Filter>external\glm\glm\ext</Filter>
    </ClInclude>
    <ClInclude Include="external\glm\glm\ext\vector_double2.hpp">
      <Filter>external\glm\glm\ext</Filter>
    </ClInclude>
    <ClInclude Include="external\glm\glm\ext\vector_double2_precision.hpp">
      <Filter>external\glm\glm\ext</Filter>
    </ClInclude>
    <ClInclude Include="external\glm\glm\ext\vector_double3.hpp">
      <Filter>external\glm\glm\ext</Filter>
    </ClInclude>
    <ClInclude Include="external\glm\glm\ext\vector_double3_precision.hpp">
      <Filter>external\glm\glm\ext</Filter>
    </ClInclude>
    <ClInclude Include="external\glm\glm\ext\vector_double4.hpp">
      <Filter>external\glm\glm\ext</Filter>
    </ClInclude>
    <ClInclude Include="external\glm\glm\ext\vector_double4_precision.hpp">
      <Filter>external\glm\glm\ext</Filter>
    </ClInclude>
    <ClInclude Include="external\glm\glm\ext\vector_float1.hpp">
      <Filter>external\glm\glm\ext</Filter>
    </ClInclude>
    <ClInclude Include="external\glm\glm\ext\vector_float1_precision.hpp">
      <Filter>external\glm\glm\ext</Filter>
    </ClInclude>
    <ClInclude Include="external\glm\glm\ext\vector_float2.hpp">
      <Filter>external\glm\glm\ext</Filter>
    </ClInclude>
    <ClInclude Include="external\glm\glm\ext\vector_float2_precision.hpp">
      <Filter>external\glm\glm\ext</Filter>
    </ClInclude>
    <ClInclude Include="external\glm\glm\ext\vector_float3.hpp">
      <Filter>external\glm\glm\ext</Filter>
    </ClInclude>
    <ClInclude Include="external\glm\glm\ext\vector_float3_precision.hpp">
      <Filter>external\glm\glm\ext</Filter>
    </ClInclude>
    <ClInclude Include="external\glm\glm\ext\vector_float4.hpp">
      <Filter>external\glm\glm\ext</Filter>
    </ClInclude>
    <ClInclude Include="external\glm\glm\ext\vector_float4_precision.hpp">
      <Filter>external\glm\glm\ext</Filter>
    </ClInclude>
    <ClInclude Include="external\glm\glm\ext\vector_int1.hpp">
      <Filter>external\glm\glm\ext</Filter>
    </ClInclude>
    <ClInclude Include="external\glm\glm\ext\vector_int1_sized.hpp">
      <Filter>external\glm\glm\ext</Filter>
    </ClInclude>
    <ClInclude Include="external\glm\glm\ext\vector_int2.hpp">
      <Filter>external\glm\glm\ext</Filter>
    </ClInclude>
    <ClInclude Include="external\glm\glm\ext\vector_int2_sized.hpp">
      <Filter>external\glm\glm\ext</Filter>
    </ClInclude>
    <ClInclude Include="external\glm\glm\ext\vector_int3.hpp">
      <Filter>external\glm\glm\ext</Filter>
    </ClInclude>
    <ClInclude Include="external\glm\glm\ext\vector_int3_sized.hpp">
      <Filter>external\glm\glm\ext</Filter>
    </ClInclude>
    <ClInclude Include="external\glm\glm\ext\vector_int4.hpp">
      <Filter>external\glm\glm\ext</Filter>
    </ClInclude>
    <ClInclude Include="external\glm\glm\ext\vector_int4_sized.hpp">
      <Filter>external\glm\glm\ext</Filter>
    </ClInclude>
    <ClInclude Include="external\glm\glm\ext\vector_integer.hpp">
      <Filter>external\glm\glm\ext</Filter>
    </ClInclude>
    <ClInclude Include="external\glm\glm\ext\vector_integer.inl">
      <Filter>external\glm\glm\ext</Filter>
    </ClInclude>
    <ClInclude Include="external\glm\glm\ext\vector_packing.hpp">
      <Filter>external\glm\glm\ext</Filter>
    </ClInclude>
    <ClInclude Include="external\glm\glm\ext\vector_packing.inl">
      <Filter>external\glm\glm\ext</Filter>
    </ClInclude>
    <ClInclude Include="external\glm\glm\ext\vector_reciprocal.hpp">
      <Filter>external\glm\glm\ext</Filter>
    </ClInclude>
    <ClInclude Include="external\glm\glm\ext\vector_reciprocal.inl">
      <Filter>external\glm\glm\ext</Filter>
    </ClInclude>
    <ClInclude Include="external\glm\glm\ext\vector_relational.hpp">
      <Filter>external\glm\glm\ext</Filter>
    </ClInclude>
    <ClInclude Include="external\glm\glm\ext\vector_relational.inl">
      <Filter>external\glm\glm\ext</Filter>
    </ClInclude>
    <ClInclude Include="external\glm\glm\ext\vector_uint1.hpp">
      <Filter>external\glm\glm\ext</Filter>
    </ClInclude>
    <ClInclude Include="external\glm\glm\ext\vector_uint1_sized.hpp">
      <Filter>external\glm\glm\ext</Filter>
    </ClInclude>
    <ClInclude Include="external\glm\glm\ext\vector_uint2.hpp">
      <Filter>external\glm\glm\ext</Filter>
    </ClInclude>
    <ClInclude Include="external\glm\glm\ext\vector_uint2_sized.hpp">
      <Filter>external\glm\glm\ext</Filter>
    </ClInclude>
    <ClInclude Include="external\glm\glm\ext\vector_uint3.hpp">
      <Filter>external\glm\glm\ext</Filter>
    </ClInclude>
    <ClInclude Include="external\glm\glm\ext\vector_uint3_sized.hpp">
      <Filter>external\glm\glm\ext</Filter>
    </ClInclude>
    <ClInclude Include="external\glm\glm\ext\vector_uint4.hpp">
      <Filter>external\glm\glm\ext</Filter>
    </ClInclude>
    <ClInclude Include="external\glm\glm\ext\vector_uint4_sized.hpp">
      <Filter>external\glm\glm\ext</Filter>
    </ClInclude>
    <ClInclude Include="external\glm\glm\ext\vector_ulp.hpp">
      <Filter>external\glm\glm\ext</Filter>
    </ClInclude>
    <ClInclude Include="external\glm\glm\ext\vector_ulp.inl">
      <Filter>external\glm\glm\ext</Filter>
    </ClInclude>
    <ClInclude Include="external\glm\glm\fwd.hpp">
      <Filter>external\glm\glm</Filter>
    </ClInclude>
    <ClInclude Include="external\glm\glm\geometric.hpp">
      <Filter>external\glm\glm</Filter>
    </ClInclude>
    <ClInclude Include="external\glm\glm\glm.hpp">
      <Filter>external\glm\glm</Filter>
    </ClInclude>
    <ClInclude Include="external\glm\glm\gtc\bitfield.hpp">
      <Filter>external\glm\glm\gtc</Filter>
    </ClInclude>
    <ClInclude Include="external\glm\glm\gtc\bitfield.inl">
      <Filter>external\glm\glm\gtc</Filter>
    </ClInclude>
    <ClInclude Include="external\glm\glm\gtc\color_space.hpp">
      <Filter>external\glm\glm\gtc</Filter>
    </ClInclude>
    <ClInclude Include="external\glm\glm\gtc\color_space.inl">
      <Filter>external\glm\glm\gtc</Filter>
    </ClInclude>
    <ClInclude Include="external\glm\glm\gtc\constants.hpp">
      <Filter>external\glm\glm\gtc</Filter>
    </ClInclude>
    <ClInclude Include="external\glm\glm\gtc\constants.inl">
      <Filter>external\glm\glm\gtc</Filter>
    </ClInclude>
    <ClInclude Include="external\glm\glm\gtc\epsilon.hpp">
      <Filter>external\glm\glm\gtc</Filter>
    </ClInclude>
    <ClInclude Include="external\glm\glm\gtc\epsilon.inl">
      <Filter>external\glm\glm\gtc</Filter>
    </ClInclude>
    <ClInclude Include="external\glm\glm\gtc\integer.hpp">
      <Filter>external\glm\glm\gtc</Filter>
    </ClInclude>
    <ClInclude Include="external\glm\glm\gtc\integer.inl">
      <Filter>external\glm\glm\gtc</Filter>
    </ClInclude>
    <ClInclude Include="external\glm\glm\gtc\matrix_access.hpp">
      <Filter>external\glm\glm\gtc</Filter>
    </ClInclude>
    <ClInclude Include="external\glm\glm\gtc\matrix_access.inl">
      <Filter>external\glm\glm\gtc</Filter>
    </ClInclude>
    <ClInclude Include="external\glm\glm\gtc\matrix_integer.hpp">
      <Filter>external\glm\glm\gtc</Filter>
    </ClInclude>
    <ClInclude Include="external\glm\glm\gtc\matrix_inverse.hpp">
      <Filter>external\glm\glm\gtc</Filter>
    </ClInclude>
    <ClInclude Include="external\glm\glm\gtc\matrix_inverse.inl">
      <Filter>external\glm\glm\gtc</Filter>
    </ClInclude>
    <ClInclude Include="external\glm\glm\gtc\matrix_transform.hpp">
      <Filter>external\glm\glm\gtc</Filter>
    </ClInclude>
    <ClInclude Include="external\glm\glm\gtc\matrix_transform.inl">
      <Filter>external\glm\glm\gtc</Filter>
    </ClInclude>
    <ClInclude Include="external\glm\glm\gtc\noise.hpp">
      <Filter>external\glm\glm\gtc</Filter>
    </ClInclude>
    <ClInclude Include="external\glm\glm\gtc\noise.inl">
      <Filter>external\glm\glm\gtc</Filter>
    </ClInclude>
    <ClInclude Include="external\glm\glm\gtc\packing.hpp">
      <Filter>external\glm\glm\gtc</Filter>
    </ClInclude>
    <ClInclude Include="external\glm\glm\gtc\packing.inl">
      <Filter>external\glm\glm\gtc</Filter>
    </ClInclude>
    <ClInclude Include="external\glm\glm\gtc\quaternion.hpp">
      <Filter>external\glm\glm\gtc</Filter>
    </ClInclude>
    <ClInclude Include="external\glm\glm\gtc\quaternion.inl">
      <Filter>external\glm\glm\gtc</Filter>
    </ClInclude>
    <ClInclude Include="external\glm\glm\gtc\quaternion_simd.inl">
      <Filter>external\glm\glm\gtc</Filter>
    </ClInclude>
    <ClInclude Include="external\glm\glm\gtc\random.hpp">
      <Filter>external\glm\glm\gtc</Filter>
    </ClInclude>
    <ClInclude Include="external\glm\glm\gtc\random.inl">
      <Filter>external\glm\glm\gtc</Filter>
    </ClInclude>
    <ClInclude Include="external\glm\glm\gtc\reciprocal.hpp">
      <Filter>external\glm\glm\gtc</Filter>
    </ClInclude>
    <ClInclude Include="external\glm\glm\gtc\round.hpp">
      <Filter>external\glm\glm\gtc</Filter>
    </ClInclude>
    <ClInclude Include="external\glm\glm\gtc\round.inl">
      <Filter>external\glm\glm\gtc</Filter>
    </ClInclude>
    <ClInclude Include="external\glm\glm\gtc\type_aligned.hpp">
      <Filter>external\glm\glm\gtc</Filter>
    </ClInclude>
    <ClInclude Include="external\glm\glm\gtc\type_precision.hpp">
      <Filter>external\glm\glm\gtc</Filter>
    </ClInclude>
    <ClInclude Include="external\glm\glm\gtc\type_precision.inl">
      <Filter>external\glm\glm\gtc</Filter>
    </ClInclude>
    <ClInclude Include="external\glm\glm\gtc\type_ptr.hpp">
      <Filter>external\glm\glm\gtc</Filter>
    </ClInclude>
    <ClInclude Include="external\glm\glm\gtc\type_ptr.inl">
      <Filter>external\glm\glm\gtc</Filter>
    </ClInclude>
    <ClInclude Include="external\glm\glm\gtc\ulp.hpp">
      <Filter>external\glm\glm\gtc</Filter>
    </ClInclude>
    <ClInclude Include="external\glm\glm\gtc\ulp.inl">
      <Filter>external\glm\glm\gtc</Filter>
    </ClInclude>
    <ClInclude Include="external\glm\glm\gtc\vec1.hpp">
      <Filter>external\glm\glm\gtc</Filter>
    </ClInclude>
    <ClInclude Include="external\glm\glm\gtx\associated_min_max.hpp">
      <Filter>external\glm\glm\gtx</Filter>
    </ClInclude>
    <ClInclude Include="external\glm\glm\gtx\associated_min_max.inl">
      <Filter>external\glm\glm\gtx</Filter>
    </ClInclude>
    <ClInclude Include="external\glm\glm\gtx\bit.hpp">
      <Filter>external\glm\glm\gtx</Filter>
    </ClInclude>
    <ClInclude Include="external\glm\glm\gtx\bit.inl">
      <Filter>external\glm\glm\gtx</Filter>
    </ClInclude>
    <ClInclude Include="external\glm\glm\gtx\closest_point.hpp">
      <Filter>external\glm\glm\gtx</Filter>
    </ClInclude>
    <ClInclude Include="external\glm\glm\gtx\closest_point.inl">
      <Filter>external\glm\glm\gtx</Filter>
    </ClInclude>
    <ClInclude Include="external\glm\glm\gtx\color_encoding.hpp">
      <Filter>external\glm\glm\gtx</Filter>
    </ClInclude>
    <ClInclude Include="external\glm\glm\gtx\color_encoding.inl">
      <Filter>external\glm\glm\gtx</Filter>
    </ClInclude>
    <ClInclude Include="external\glm\glm\gtx\color_space.hpp">
      <Filter>external\glm\glm\gtx</Filter>
    </ClInclude>
    <ClInclude Include="external\glm\glm\gtx\color_space.inl">
      <Filter>external\glm\glm\gtx</Filter>
    </ClInclude>
    <ClInclude Include="external\glm\glm\gtx\color_space_YCoCg.hpp">
      <Filter>external\glm\glm\gtx</Filter>
    </ClInclude>
    <ClInclude Include="external\glm\glm\gtx\color_space_YCoCg.inl">
      <Filter>external\glm\glm\gtx</Filter>
    </ClInclude>
    <ClInclude Include="external\glm\glm\gtx\common.hpp">
      <Filter>external\glm\glm\gtx</Filter>
    </ClInclude>
    <ClInclude Include="external\glm\glm\gtx\common.inl">
      <Filter>external\glm\glm\gtx</Filter>
    </ClInclude>
    <ClInclude Include="external\glm\glm\gtx\compatibility.hpp">
      <Filter>external\glm\glm\gtx</Filter>
    </ClInclude>
    <ClInclude Include="external\glm\glm\gtx\compatibility.inl">
      <Filter>external\glm\glm\gtx</Filter>
    </ClInclude>
    <ClInclude Include="external\glm\glm\gtx\component_wise.hpp">
      <Filter>external\glm\glm\gtx</Filter>
    </ClInclude>
    <ClInclude Include="external\glm\glm\gtx\component_wise.inl">
      <Filter>external\glm\glm\gtx</Filter>
    </ClInclude>
    <ClInclude Include="external\glm\glm\gtx\dual_quaternion.hpp">
      <Filter>external\glm\glm\gtx</Filter>
    </ClInclude>
    <ClInclude Include="external\glm\glm\gtx\dual_quaternion.inl">
      <Filter>external\glm\glm\gtx</Filter>
    </ClInclude>
    <ClInclude Include="external\glm\glm\gtx\easing.hpp">
      <Filter>external\glm\glm\gtx</Filter>
    </ClInclude>
    <ClInclude Include="external\glm\glm\gtx\easing.inl">
      <Filter>external\glm\glm\gtx</Filter>
    </ClInclude>
    <ClInclude Include="external\glm\glm\gtx\euler_angles.hpp">
      <Filter>external\glm\glm\gtx</Filter>
    </ClInclude>
    <ClInclude Include="external\glm\glm\gtx\euler_angles.inl">
      <Filter>external\glm\glm\gtx</Filter>
    </ClInclude>
    <ClInclude Include="external\glm\glm\gtx\extend.hpp">
      <Filter>external\glm\glm\gtx</Filter>
    </ClInclude>
    <ClInclude Include="external\glm\glm\gtx\extend.inl">
      <Filter>external\glm\glm\gtx</Filter>
    </ClInclude>
    <ClInclude Include="external\glm\glm\gtx\extended_min_max.hpp">
      <Filter>external\glm\glm\gtx</Filter>
    </ClInclude>
    <ClInclude Include="external\glm\glm\gtx\extended_min_max.inl">
      <Filter>external\glm\glm\gtx</Filter>
    </ClInclude>
    <ClInclude Include="external\glm\glm\gtx\exterior_product.hpp">
      <Filter>external\glm\glm\gtx</Filter>
    </ClInclude>
    <ClInclude Include="external\glm\glm\gtx\exterior_product.inl">
      <Filter>external\glm\glm\gtx</Filter>
    </ClInclude>
    <ClInclude Include="external\glm\glm\gtx\fast_exponential.hpp">
      <Filter>external\glm\glm\gtx</Filter>
    </ClInclude>
    <ClInclude Include="external\glm\glm\gtx\fast_exponential.inl">
      <Filter>external\glm\glm\gtx</Filter>
    </ClInclude>
    <ClInclude Include="external\glm\glm\gtx\fast_square_root.hpp">
      <Filter>external\glm\glm\gtx</Filter>
    </ClInclude>
    <ClInclude Include="external\glm\glm\gtx\fast_square_root.inl">
      <Filter>external\glm\glm\gtx</Filter>
    </ClInclude>
    <ClInclude Include="external\glm\glm\gtx\fast_trigonometry.hpp">
      <Filter>external\glm\glm\gtx</Filter>
    </ClInclude>
    <ClInclude Include="external\glm\glm\gtx\fast_trigonometry.inl">
      <Filter>external\glm\glm\gtx</Filter>
    </ClInclude>
    <ClInclude Include="external\glm\glm\gtx\float_notmalize.inl">
      <Filter>external\glm\glm\gtx</Filter>
    </ClInclude>
    <ClInclude Include="external\glm\glm\gtx\functions.hpp">
      <Filter>external\glm\glm\gtx</Filter>
    </ClInclude>
    <ClInclude Include="external\glm\glm\gtx\functions.inl">
      <Filter>external\glm\glm\gtx</Filter>
    </ClInclude>
    <ClInclude Include="external\glm\glm\gtx\gradient_paint.hpp">
      <Filter>external\glm\glm\gtx</Filter>
    </ClInclude>
    <ClInclude Include="external\glm\glm\gtx\gradient_paint.inl">
      <Filter>external\glm\glm\gtx</Filter>
    </ClInclude>
    <ClInclude Include="external\glm\glm\gtx\handed_coordinate_space.hpp">
      <Filter>external\glm\glm\gtx</Filter>
    </ClInclude>
    <ClInclude Include="external\glm\glm\gtx\handed_coordinate_space.inl">
      <Filter>external\glm\glm\gtx</Filter>
    </ClInclude>
    <ClInclude Include="external\glm\glm\gtx\hash.hpp">
      <Filter>external\glm\glm\gtx</Filter>
    </ClInclude>
    <ClInclude Include="external\glm\glm\gtx\hash.inl">
      <Filter>external\glm\glm\gtx</Filter>
    </ClInclude>
    <ClInclude Include="external\glm\glm\gtx\integer.hpp">
      <Filter>external\glm\glm\gtx</Filter>
    </ClInclude>
    <ClInclude Include="external\glm\glm\gtx\integer.inl">
      <Filter>external\glm\glm\gtx</Filter>
    </ClInclude>
    <ClInclude Include="external\glm\glm\gtx\intersect.hpp">
      <Filter>external\glm\glm\gtx</Filter>
    </ClInclude>
    <ClInclude Include="external\glm\glm\gtx\intersect.inl">
      <Filter>external\glm\glm\gtx</Filter>
    </ClInclude>
    <ClInclude Include="external\glm\glm\gtx\io.hpp">
      <Filter>external\glm\glm\gtx</Filter>
    </ClInclude>
    <ClInclude Include="external\glm\glm\gtx\io.inl">
      <Filter>external\glm\glm\gtx</Filter>
    </ClInclude>
    <ClInclude Include="external\glm\glm\gtx\log_base.hpp">
      <Filter>external\glm\glm\gtx</Filter>
    </ClInclude>
    <ClInclude Include="external\glm\glm\gtx\log_base.inl">
      <Filter>external\glm\glm\gtx</Filter>
    </ClInclude>
    <ClInclude Include="external\glm\glm\gtx\matrix_cross_product.hpp">
      <Filter>external\glm\glm\gtx</Filter>
    </ClInclude>
    <ClInclude Include="external\glm\glm\gtx\matrix_cross_product.inl">
      <Filter>external\glm\glm\gtx</Filter>
    </ClInclude>
    <ClInclude Include="external\glm\glm\gtx\matrix_decompose.hpp">
      <Filter>external\glm\glm\gtx</Filter>
    </ClInclude>
    <ClInclude Include="external\glm\glm\gtx\matrix_decompose.inl">
      <Filter>external\glm\glm\gtx</Filter>
    </ClInclude>
    <ClInclude Include="external\glm\glm\gtx\matrix_factorisation.hpp">
      <Filter>external\glm\glm\gtx</Filter>
    </ClInclude>
    <ClInclude Include="external\glm\glm\gtx\matrix_factorisation.inl">
      <Filter>external\glm\glm\gtx</Filter>
    </ClInclude>
    <ClInclude Include="external\glm\glm\gtx\matrix_interpolation.hpp">
      <Filter>external\glm\glm\gtx</Filter>
    </ClInclude>
    <ClInclude Include="external\glm\glm\gtx\matrix_interpolation.inl">
      <Filter>external\glm\glm\gtx</Filter>
    </ClInclude>
    <ClInclude Include="external\glm\glm\gtx\matrix_major_storage.hpp">
      <Filter>external\glm\glm\gtx</Filter>
    </ClInclude>
    <ClInclude Include="external\glm\glm\gtx\matrix_major_storage.inl">
      <Filter>external\glm\glm\gtx</Filter>
    </ClInclude>
    <ClInclude Include="external\glm\glm\gtx\matrix_operation.hpp">
      <Filter>external\glm\glm\gtx</Filter>
    </ClInclude>
    <ClInclude Include="external\glm\glm\gtx\matrix_operation.inl">
      <Filter>external\glm\glm\gtx</Filter>
    </ClInclude>
    <ClInclude Include="external\glm\glm\gtx\matrix_query.hpp">
      <Filter>external\glm\glm\gtx</Filter>
    </ClInclude>
    <ClInclude Include="external\glm\glm\gtx\matrix_query.inl">
      <Filter>external\glm\glm\gtx</Filter>
    </ClInclude>
    <ClInclude Include="external\glm\glm\gtx\matrix_transform_2d.hpp">
      <Filter>external\glm\glm\gtx</Filter>
    </ClInclude>
    <ClInclude Include="external\glm\glm\gtx\matrix_transform_2d.inl">
      <Filter>external\glm\glm\gtx</Filter>
    </ClInclude>
    <ClInclude Include="external\glm\glm\gtx\mixed_product.hpp">
      <Filter>external\glm\glm\gtx</Filter>
    </ClInclude>
    <ClInclude Include="external\glm\glm\gtx\mixed_product.inl">
      <Filter>external\glm\glm\gtx</Filter>
    </ClInclude>
    <ClInclude Include="external\glm\glm\gtx\norm.hpp">
      <Filter>external\glm\glm\gtx</Filter>
    </ClInclude>
    <ClInclude Include="external\glm\glm\gtx\norm.inl">
      <Filter>external\glm\glm\gtx</Filter>
    </ClInclude>
    <ClInclude Include="external\glm\glm\gtx\normal.hpp">
      <Filter>external\glm\glm\gtx</Filter>
    </ClInclude>
    <ClInclude Include="external\glm\glm\gtx\normal.inl">
      <Filter>external\glm\glm\gtx</Filter>
    </ClInclude>
    <ClInclude Include="external\glm\glm\gtx\normalize_dot.hpp">
      <Filter>external\glm\glm\gtx</Filter>
    </ClInclude>
    <ClInclude Include="external\glm\glm\gtx\normalize_dot.inl">
      <Filter>external\glm\glm\gtx</Filter>
    </ClInclude>
    <ClInclude Include="external\glm\glm\gtx\number_precision.hpp">
      <Filter>external\glm\glm\gtx</Filter>
    </ClInclude>
    <ClInclude Include="external\glm\glm\gtx\number_precision.inl">
      <Filter>external\glm\glm\gtx</Filter>
    </ClInclude>
    <ClInclude Include="external\glm\glm\gtx\optimum_pow.hpp">
      <Filter>external\glm\glm\gtx</Filter>
    </ClInclude>
    <ClInclude Include="external\glm\glm\gtx\optimum_pow.inl">
      <Filter>external\glm\glm\gtx</Filter>
    </ClInclude>
    <ClInclude Include="external\glm\glm\gtx\orthonormalize.hpp">
      <Filter>external\glm\glm\gtx</Filter>
    </ClInclude>
    <ClInclude Include="external\glm\glm\gtx\orthonormalize.inl">
      <Filter>external\glm\glm\gtx</Filter>
    </ClInclude>
    <ClInclude Include="external\glm\glm\gtx\pca.hpp">
      <Filter>external\glm\glm\gtx</Filter>
    </ClInclude>
    <ClInclude Include="external\glm\glm\gtx\pca.inl">
      <Filter>external\glm\glm\gtx</Filter>
    </ClInclude>
    <ClInclude Include="external\glm\glm\gtx\perpendicular.hpp">
      <Filter>external\glm\glm\gtx</Filter>
    </ClInclude>
    <ClInclude Include="external\glm\glm\gtx\perpendicular.inl">
      <Filter>external\glm\glm\gtx</Filter>
    </ClInclude>
    <ClInclude Include="external\glm\glm\gtx\polar_coordinates.hpp">
      <Filter>external\glm\glm\gtx</Filter>
    </ClInclude>
    <ClInclude Include="external\glm\glm\gtx\polar_coordinates.inl">
      <Filter>external\glm\glm\gtx</Filter>
    </ClInclude>
    <ClInclude Include="external\glm\glm\gtx\projection.hpp">
      <Filter>external\glm\glm\gtx</Filter>
    </ClInclude>
    <ClInclude Include="external\glm\glm\gtx\projection.inl">
      <Filter>external\glm\glm\gtx</Filter>
    </ClInclude>
    <ClInclude Include="external\glm\glm\gtx\quaternion.hpp">
      <Filter>external\glm\glm\gtx</Filter>
    </ClInclude>
    <ClInclude Include="external\glm\glm\gtx\quaternion.inl">
      <Filter>external\glm\glm\gtx</Filter>
    </ClInclude>
    <ClInclude Include="external\glm\glm\gtx\range.hpp">
      <Filter>external\glm\glm\gtx</Filter>
    </ClInclude>
    <ClInclude Include="external\glm\glm\gtx\raw_data.hpp">
      <Filter>external\glm\glm\gtx</Filter>
    </ClInclude>
    <ClInclude Include="external\glm\glm\gtx\raw_data.inl">
      <Filter>external\glm\glm\gtx</Filter>
    </ClInclude>
    <ClInclude Include="external\glm\glm\gtx\rotate_normalized_axis.hpp">
      <Filter>external\glm\glm\gtx</Filter>
    </ClInclude>
    <ClInclude Include="external\glm\glm\gtx\rotate_normalized_axis.inl">
      <Filter>external\glm\glm\gtx</Filter>
    </ClInclude>
    <ClInclude Include="external\glm\glm\gtx\rotate_vector.hpp">
      <Filter>external\glm\glm\gtx</Filter>
    </ClInclude>
    <ClInclude Include="external\glm\glm\gtx\rotate_vector.inl">
      <Filter>external\glm\glm\gtx</Filter>
    </ClInclude>
    <ClInclude Include="external\glm\glm\gtx\scalar_multiplication.hpp">
      <Filter>external\glm\glm\gtx</Filter>
    </ClInclude>
    <ClInclude Include="external\glm\glm\gtx\scalar_relational.hpp">
      <Filter>external\glm\glm\gtx</Filter>
    </ClInclude>
    <ClInclude Include="external\glm\glm\gtx\scalar_relational.inl">
      <Filter>external\glm\glm\gtx</Filter>
    </ClInclude>
    <ClInclude Include="external\glm\glm\gtx\spline.hpp">
      <Filter>external\glm\glm\gtx</Filter>
    </ClInclude>
    <ClInclude Include="external\glm\glm\gtx\spline.inl">
      <Filter>external\glm\glm\gtx</Filter>
    </ClInclude>
    <ClInclude Include="external\glm\glm\gtx\std_based_type.hpp">
      <Filter>external\glm\glm\gtx</Filter>
    </ClInclude>
    <ClInclude Include="external\glm\glm\gtx\std_based_type.inl">
      <Filter>external\glm\glm\gtx</Filter>
    </ClInclude>
    <ClInclude Include="external\glm\glm\gtx\string_cast.hpp">
      <Filter>external\glm\glm\gtx</Filter>
    </ClInclude>
    <ClInclude Include="external\glm\glm\gtx\string_cast.inl">
      <Filter>external\glm\glm\gtx</Filter>
    </ClInclude>
    <ClInclude Include="external\glm\glm\gtx\texture.hpp">
      <Filter>external\glm\glm\gtx</Filter>
    </ClInclude>
    <ClInclude Include="external\glm\glm\gtx\texture.inl">
      <Filter>external\glm\glm\gtx</Filter>
    </ClInclude>
    <ClInclude Include="external\glm\glm\gtx\transform.hpp">
      <Filter>external\glm\glm\gtx</Filter>
    </ClInclude>
    <ClInclude Include="external\glm\glm\gtx\transform.inl">
      <Filter>external\glm\glm\gtx</Filter>
    </ClInclude>
    <ClInclude Include="external\glm\glm\gtx\transform2.hpp">
      <Filter>external\glm\glm\gtx</Filter>
    </ClInclude>
    <ClInclude Include="external\glm\glm\gtx\transform2.inl">
      <Filter>external\glm\glm\gtx</Filter>
    </ClInclude>
    <ClInclude Include="external\glm\glm\gtx\type_aligned.hpp">
      <Filter>external\glm\glm\gtx</Filter>
    </ClInclude>
    <ClInclude Include="external\glm\glm\gtx\type_aligned.inl">
      <Filter>external\glm\glm\gtx</Filter>
    </ClInclude>
    <ClInclude Include="external\glm\glm\gtx\type_trait.hpp">
      <Filter>external\glm\glm\gtx</Filter>
    </ClInclude>
    <ClInclude Include="external\glm\glm\gtx\type_trait.inl">
      <Filter>external\glm\glm\gtx</Filter>
    </ClInclude>
    <ClInclude Include="external\glm\glm\gtx\vec_swizzle.hpp">
      <Filter>external\glm\glm\gtx</Filter>
    </ClInclude>
    <ClInclude Include="external\glm\glm\gtx\vector_angle.hpp">
      <Filter>external\glm\glm\gtx</Filter>
    </ClInclude>
    <ClInclude Include="external\glm\glm\gtx\vector_angle.inl">
      <Filter>external\glm\glm\gtx</Filter>
    </ClInclude>
    <ClInclude Include="external\glm\glm\gtx\vector_query.hpp">
      <Filter>external\glm\glm\gtx</Filter>
    </ClInclude>
    <ClInclude Include="external\glm\glm\gtx\vector_query.inl">
      <Filter>external\glm\glm\gtx</Filter>
    </ClInclude>
    <ClInclude Include="external\glm\glm\gtx\wrap.hpp">
      <Filter>external\glm\glm\gtx</Filter>
    </ClInclude>
    <ClInclude Include="external\glm\glm\gtx\wrap.inl">
      <Filter>external\glm\glm\gtx</Filter>
    </ClInclude>
    <ClInclude Include="external\glm\glm\integer.hpp">
      <Filter>external\glm\glm</Filter>
    </ClInclude>
    <ClInclude Include="external\glm\glm\mat2x2.hpp">
      <Filter>external\glm\glm</Filter>
    </ClInclude>
    <ClInclude Include="external\glm\glm\mat2x3.hpp">
      <Filter>external\glm\glm</Filter>
    </ClInclude>
    <ClInclude Include="external\glm\glm\mat2x4.hpp">
      <Filter>external\glm\glm</Filter>
    </ClInclude>
    <ClInclude Include="external\glm\glm\mat3x2.hpp">
      <Filter>external\glm\glm</Filter>
    </ClInclude>
    <ClInclude Include="external\glm\glm\mat3x3.hpp">
      <Filter>external\glm\glm</Filter>
    </ClInclude>
    <ClInclude Include="external\glm\glm\mat3x4.hpp">
      <Filter>external\glm\glm</Filter>
    </ClInclude>
    <ClInclude Include="external\glm\glm\mat4x2.hpp">
      <Filter>external\glm\glm</Filter>
    </ClInclude>
    <ClInclude Include="external\glm\glm\mat4x3.hpp">
      <Filter>external\glm\glm</Filter>
    </ClInclude>
    <ClInclude Include="external\glm\glm\mat4x4.hpp">
      <Filter>external\glm\glm</Filter>
    </ClInclude>
    <ClInclude Include="external\glm\glm\matrix.hpp">
      <Filter>external\glm\glm</Filter>
    </ClInclude>
    <ClInclude Include="external\glm\glm\packing.hpp">
      <Filter>external\glm\glm</Filter>
    </ClInclude>
    <ClInclude Include="external\glm\glm\trigonometric.hpp">
      <Filter>external\glm\glm</Filter>
    </ClInclude>
    <ClInclude Include="external\glm\glm\vec2.hpp">
      <Filter>external\glm\glm</Filter>
    </ClInclude>
    <ClInclude Include="external\glm\glm\vec3.hpp">
      <Filter>external\glm\glm</Filter>
    </ClInclude>
    <ClInclude Include="external\glm\glm\vec4.hpp">
      <Filter>external\glm\glm</Filter>
    </ClInclude>
    <ClInclude Include="external\glm\glm\vector_relational.hpp">
      <Filter>external\glm\glm</Filter>
    </ClInclude>
    <ClInclude Include="external\stb_image\stb_image.h">
      <Filter>external\stb_image</Filter>
    </ClInclude>
    <ClInclude Include="src\Config\Precomp.h">
      <Filter>src\Config</Filter>
    </ClInclude>
    <ClInclude Include="src\EventSystem\AppEvent.h">
      <Filter>src\EventSystem</Filter>
    </ClInclude>
    <ClInclude Include="src\EventSystem\Event.h">
      <Filter>src\EventSystem</Filter>
    </ClInclude>
    <ClInclude Include="src\EventSystem\KeyEvent.h">
      <Filter>src\EventSystem</Filter>
    </ClInclude>
    <ClInclude Include="src\EventSystem\MouseEvent.h">
      <Filter>src\EventSystem</Filter>
    </ClInclude>
    <ClInclude Include="src\Gui\Font\Font.h">
      <Filter>src\Gui\Font</Filter>
    </ClInclude>
    <ClInclude Include="src\Gui\ImGuiLayer.h">
      <Filter>src\Gui</Filter>
    </ClInclude>
    <ClInclude Include="src\Input\Input.h">
      <Filter>src\Input</Filter>
    </ClInclude>
    <ClInclude Include="src\Input\KeyCodes.h">
      <Filter>src\Input</Filter>
    </ClInclude>
    <ClInclude Include="src\Input\MouseButtonCodes.h">
      <Filter>src\Input</Filter>
    </ClInclude>
    <ClInclude Include="src\Math\Math.h">
      <Filter>src\Math</Filter>
    </ClInclude>
    <ClInclude Include="src\Opium.h">
      <Filter>src</Filter>
    </ClInclude>
    <ClInclude Include="src\Opium\Application.h">
      <Filter>src\Opium</Filter>
    </ClInclude>
    <ClInclude Include="src\Opium\Core.h">
      <Filter>src\Opium</Filter>
    </ClInclude>
    <ClInclude Include="src\EntryPoint.h">
      <Filter>src\Opium</Filter>
    </ClInclude>
    <ClInclude Include="src\Opium\Layer.h">
      <Filter>src\Opium</Filter>
    </ClInclude>
    <ClInclude Include="src\Opium\LayerStack.h">
      <Filter>src\Opium</Filter>
    </ClInclude>
    <ClInclude Include="src\Opium\Logging.h">
      <Filter>src\Opium</Filter>
    </ClInclude>
    <ClInclude Include="src\Opium\Timestep.h">
      <Filter>src\Opium</Filter>
    </ClInclude>
    <ClInclude Include="src\Platform\OpenGL\OpenGLBuffer.h">
      <Filter>src\Platform\OpenGL</Filter>
    </ClInclude>
    <ClInclude Include="src\Platform\OpenGL\OpenGLContext.h">
      <Filter>src\Platform\OpenGL</Filter>
    </ClInclude>
    <ClInclude Include="src\Platform\OpenGL\OpenGLFramebuffer.h">
      <Filter>src\Platform\OpenGL</Filter>
    </ClInclude>
    <ClInclude Include="src\Platform\OpenGL\OpenGLRendererAPI.h">
      <Filter>src\Platform\OpenGL</Filter>
    </ClInclude>
    <ClInclude Include="src\Platform\OpenGL\OpenGLShader.h">
      <Filter>src\Platform\OpenGL</Filter>
    </ClInclude>
    <ClInclude Include="src\Platform\OpenGL\OpenGLTexture.h">
      <Filter>src\Platform\OpenGL</Filter>
    </ClInclude>
    <ClInclude Include="src\Platform\OpenGL\OpenGLUniformBuffer.h">
      <Filter>src\Platform\OpenGL</Filter>
    </ClInclude>
    <ClInclude Include="src\Platform\OpenGL\OpenGLVertexArray.h">
      <Filter>src\Platform\OpenGL</Filter>
    </ClInclude>
    <ClInclude Include="src\Platform\Windows\WinWindow.h">
      <Filter>src\Platform\Windows</Filter>
    </ClInclude>
    <ClInclude Include="src\Profiling\Instrumentor.h">
      <Filter>src\Profiling</Filter>
    </ClInclude>
    <ClInclude Include="src\Profiling\Timer.h">
      <Filter>src\Profiling</Filter>
    </ClInclude>
    <ClInclude Include="src\Renderer\Buffer.h">
      <Filter>src\Renderer</Filter>
    </ClInclude>
    <ClInclude Include="src\Renderer\Camera.h">
      <Filter>src\Renderer</Filter>
    </ClInclude>
    <ClInclude Include="src\Renderer\EditorCamera.h">
      <Filter>src\Renderer</Filter>
    </ClInclude>
    <ClInclude Include="src\Renderer\Framebuffer.h">
      <Filter>src\Renderer</Filter>
    </ClInclude>
    <ClInclude Include="src\Renderer\GraphicsContext.h">
      <Filter>src\Renderer</Filter>
    </ClInclude>
    <ClInclude Include="src\Renderer\OrthographicCamera.h">
      <Filter>src\Renderer</Filter>
    </ClInclude>
    <ClInclude Include="src\Renderer\OrthographicCameraController.h">
      <Filter>src\Renderer</Filter>
    </ClInclude>
    <ClInclude Include="src\Renderer\RenderCommand.h">
      <Filter>src\Renderer</Filter>
    </ClInclude>
    <ClInclude Include="src\Renderer\Renderer.h">
      <Filter>src\Renderer</Filter>
    </ClInclude>
    <ClInclude Include="src\Renderer\Renderer2D.h">
      <Filter>src\Renderer</Filter>
    </ClInclude>
    <ClInclude Include="src\Renderer\RendererAPI.h">
      <Filter>src\Renderer</Filter>
    </ClInclude>
    <ClInclude Include="src\Renderer\Shader.h">
      <Filter>src\Renderer</Filter>
    </ClInclude>
    <ClInclude Include="src\Renderer\SubTexture2D.h">
      <Filter>src\Renderer</Filter>
    </ClInclude>
    <ClInclude Include="src\Renderer\Texture.h">
      <Filter>src\Renderer</Filter>
    </ClInclude>
    <ClInclude Include="src\Renderer\UniformBuffer.h">
      <Filter>src\Renderer</Filter>
    </ClInclude>
    <ClInclude Include="src\Renderer\VertexArray.h">
      <Filter>src\Renderer</Filter>
    </ClInclude>
    <ClInclude Include="src\Scene\Components.h">
      <Filter>src\Scene</Filter>
    </ClInclude>
    <ClInclude Include="src\Scene\Entity.h">
      <Filter>src\Scene</Filter>
    </ClInclude>
    <ClInclude Include="src\Scene\Scene.h">
      <Filter>src\Scene</Filter>
    </ClInclude>
    <ClInclude Include="src\Scene\SceneCamera.h">
      <Filter>src\Scene</Filter>
    </ClInclude>
    <ClInclude Include="src\Scene\SceneSerializer.h">
      <Filter>src\Scene</Filter>
    </ClInclude>
    <ClInclude Include="src\Scene\ScriptableEntity.h">
      <Filter>src\Scene</Filter>
    </ClInclude>
    <ClInclude Include="src\ScriptManager\InternalCallArranger.h">
      <Filter>src\ScriptManager</Filter>
    </ClInclude>
    <ClInclude Include="src\ScriptManager\ScriptManager.h">
      <Filter>src\ScriptManager</Filter>
    </ClInclude>
    <ClInclude Include="src\ScriptManager\Wrappers.h">
      <Filter>src\ScriptManager</Filter>
    </ClInclude>
    <ClInclude Include="src\Utils\PlatformUtils.h">
      <Filter>src\Utils</Filter>
    </ClInclude>
    <ClInclude Include="src\Window\Window.h">
      <Filter>src\Window</Filter>
    </ClInclude>
    <ClInclude Include="src\Opium\UUID.h" />
    <ClInclude Include="src\Scene\SceneRenderer.h" />
    <ClInclude Include="src\Geometry\Mesh.h" />
    <ClInclude Include="src\Geometry\Icosphere.h" />
    <ClInclude Include="src\Geometry\RadialSphere.h" />
  </ItemGroup>
  <ItemGroup>
    <ClCompile Include="external\ImGuizmo\GraphEditor.cpp">
      <Filter>external\ImGuizmo</Filter>
    </ClCompile>
    <ClCompile Include="external\ImGuizmo\ImCurveEdit.cpp">
      <Filter>external\ImGuizmo</Filter>
    </ClCompile>
    <ClCompile Include="external\ImGuizmo\ImGradient.cpp">
      <Filter>external\ImGuizmo</Filter>
    </ClCompile>
    <ClCompile Include="external\ImGuizmo\ImGuizmo.cpp">
      <Filter>external\ImGuizmo</Filter>
    </ClCompile>
    <ClCompile Include="external\ImGuizmo\ImSequencer.cpp">
      <Filter>external\ImGuizmo</Filter>
    </ClCompile>
    <ClCompile Include="external\stb_image\stb_image.cpp">
      <Filter>external\stb_image</Filter>
    </ClCompile>
    <ClCompile Include="src\Config\Precomp.cpp">
      <Filter>src\Config</Filter>
    </ClCompile>
    <ClCompile Include="src\Gui\ImGuiBuild.cpp">
      <Filter>src\Gui</Filter>
    </ClCompile>
    <ClCompile Include="src\Gui\ImGuiLayer.cpp">
      <Filter>src\Gui</Filter>
    </ClCompile>
    <ClCompile Include="src\Math\Math.cpp">
      <Filter>src\Math</Filter>
    </ClCompile>
    <ClCompile Include="src\Opium\Application.cpp">
      <Filter>src\Opium</Filter>
    </ClCompile>
    <ClCompile Include="src\Opium\Layer.cpp">
      <Filter>src\Opium</Filter>
    </ClCompile>
    <ClCompile Include="src\Opium\LayerStack.cpp">
      <Filter>src\Opium</Filter>
    </ClCompile>
    <ClCompile Include="src\Opium\Logging.cpp">
      <Filter>src\Opium</Filter>
    </ClCompile>
    <ClCompile Include="src\Platform\OpenGL\OpenGLBuffer.cpp">
      <Filter>src\Platform\OpenGL</Filter>
    </ClCompile>
    <ClCompile Include="src\Platform\OpenGL\OpenGLContext.cpp">
      <Filter>src\Platform\OpenGL</Filter>
    </ClCompile>
    <ClCompile Include="src\Platform\OpenGL\OpenGLFramebuffer.cpp">
      <Filter>src\Platform\OpenGL</Filter>
    </ClCompile>
    <ClCompile Include="src\Platform\OpenGL\OpenGLRendererAPI.cpp">
      <Filter>src\Platform\OpenGL</Filter>
    </ClCompile>
    <ClCompile Include="src\Platform\OpenGL\OpenGLShader.cpp">
      <Filter>src\Platform\OpenGL</Filter>
    </ClCompile>
    <ClCompile Include="src\Platform\OpenGL\OpenGLTexture.cpp">
      <Filter>src\Platform\OpenGL</Filter>
    </ClCompile>
    <ClCompile Include="src\Platform\OpenGL\OpenGLUniformBuffer.cpp">
      <Filter>src\Platform\OpenGL</Filter>
    </ClCompile>
    <ClCompile Include="src\Platform\OpenGL\OpenGLVertexArray.cpp">
      <Filter>src\Platform\OpenGL</Filter>
    </ClCompile>
    <ClCompile Include="src\Platform\Windows\WinInput.cpp">
      <Filter>src\Platform\Windows</Filter>
    </ClCompile>
    <ClCompile Include="src\Platform\Windows\WinPlatformUtils.cpp">
      <Filter>src\Platform\Windows</Filter>
    </ClCompile>
    <ClCompile Include="src\Platform\Windows\WinWindow.cpp">
      <Filter>src\Platform\Windows</Filter>
    </ClCompile>
    <ClCompile Include="src\Renderer\Buffer.cpp">
      <Filter>src\Renderer</Filter>
    </ClCompile>
    <ClCompile Include="src\Renderer\EditorCamera.cpp">
      <Filter>src\Renderer</Filter>
    </ClCompile>
    <ClCompile Include="src\Renderer\Framebuffer.cpp">
      <Filter>src\Renderer</Filter>
    </ClCompile>
    <ClCompile Include="src\Renderer\OrthographicCamera.cpp">
      <Filter>src\Renderer</Filter>
    </ClCompile>
    <ClCompile Include="src\Renderer\OrthographicCameraController.cpp">
      <Filter>src\Renderer</Filter>
    </ClCompile>
    <ClCompile Include="src\Renderer\RenderCommand.cpp">
      <Filter>src\Renderer</Filter>
    </ClCompile>
    <ClCompile Include="src\Renderer\Renderer.cpp">
      <Filter>src\Renderer</Filter>
    </ClCompile>
    <ClCompile Include="src\Renderer\Renderer2D.cpp">
      <Filter>src\Renderer</Filter>
    </ClCompile>
    <ClCompile Include="src\Renderer\RendererAPI.cpp">
      <Filter>src\Renderer</Filter>
    </ClCompile>
    <ClCompile Include="src\Renderer\Shader.cpp">
      <Filter>src\Renderer</Filter>
    </ClCompile>
    <ClCompile Include="src\Renderer\SubTexture2D.cpp">
      <Filter>src\Renderer</Filter>
    </ClCompile>
    <ClCompile Include="src\Renderer\Texture.cpp">
      <Filter>src\Renderer</Filter>
    </ClCompile>
    <ClCompile Include="src\Renderer\UniformBuffer.cpp">
      <Filter>src\Renderer</Filter>
    </ClCompile>
    <ClCompile Include="src\Renderer\VertexArray.cpp">
      <Filter>src\Renderer</Filter>
    </ClCompile>
    <ClCompile Include="src\Scene\Entity.cpp">
      <Filter>src\Scene</Filter>
    </ClCompile>
    <ClCompile Include="src\Scene\Scene.cpp">
      <Filter>src\Scene</Filter>
    </ClCompile>
    <ClCompile Include="src\Scene\SceneCamera.cpp">
      <Filter>src\Scene</Filter>
    </ClCompile>
    <ClCompile Include="src\Scene\SceneSerializer.cpp">
      <Filter>src\Scene</Filter>
    </ClCompile>
    <ClCompile Include="src\ScriptManager\InternalCallArranger.cpp">
      <Filter>src\ScriptManager</Filter>
    </ClCompile>
    <ClCompile Include="src\ScriptManager\ScriptManager.cpp">
      <Filter>src\ScriptManager</Filter>
    </ClCompile>
    <ClCompile Include="src\ScriptManager\Wrappers.cpp">
      <Filter>src\ScriptManager</Filter>
    </ClCompile>
    <ClCompile Include="src\Opium\UUID.cpp" />
    <ClCompile Include="src\Scene\SceneRenderer.cpp" />
    <ClCompile Include="src\Geometry\Mesh.cpp" />
    <ClCompile Include="src\Geometry\Icosphere.cpp" />
    <ClCompile Include="src\Geometry\RadialSphere.cpp" />
  </ItemGroup>
</Project>