<?xml version="1.0" encoding="utf-8"?>
<Project ToolsVersion="4.0" xmlns="http://schemas.microsoft.com/developer/msbuild/2003">
  <ItemGroup>
    <Filter Include="GuiComponents">
      <UniqueIdentifier>{109BBE63-7C5B-3A9A-4596-8317B1157F76}</UniqueIdentifier>
    </Filter>
    <Filter Include="GuiComponents\Footer">
      <UniqueIdentifier>{6E45516F-5AD4-DA38-03F3-EE33EF60EBDE}</UniqueIdentifier>
    </Filter>
    <Filter Include="GuiComponents\GuiBlocks">
      <UniqueIdentifier>{C242CA5B-2E7A-12F3-3784-7616A33A39EC}</UniqueIdentifier>
    </Filter>
    <Filter Include="GuiComponents\Header">
      <UniqueIdentifier>{48B03E73-343F-C83C-DD5D-DC37C9CBD8E2}</UniqueIdentifier>
    </Filter>
    <Filter Include="GuiComponents\Scene">
      <UniqueIdentifier>{2D146380-9975-408E-22E3-86408E43774D}</UniqueIdentifier>
    </Filter>
    <Filter Include="GuiComponents\Scene\SceneUtilities">
      <UniqueIdentifier>{A63969DB-9275-6C45-FB87-843CE7E21460}</UniqueIdentifier>
    </Filter>
  </ItemGroup>
  <ItemGroup>
    <ClInclude Include="src\EditorLayer.h" />
    <ClInclude Include="src\GuiComponents\Footer\FooterUI.h">
      <Filter>GuiComponents\Footer</Filter>
    </ClInclude>
    <ClInclude Include="src\GuiComponents\GuiBlocks\GuiBlockGenerator.h">
      <Filter>GuiComponents\GuiBlocks</Filter>
    </ClInclude>
    <ClInclude Include="src\GuiComponents\Header\HeaderUI.h">
      <Filter>GuiComponents\Header</Filter>
    </ClInclude>
    <ClInclude Include="src\GuiComponents\Scene\SceneUI.h">
      <Filter>GuiComponents\Scene</Filter>
    </ClInclude>
    <ClInclude Include="src\GuiComponents\Scene\SceneUtilities\ContentBrowserComponent.h">
      <Filter>GuiComponents\Scene\SceneUtilities</Filter>
    </ClInclude>
    <ClInclude Include="src\GuiComponents\Scene\SceneUtilities\SceneHierarchyComponent.h">
      <Filter>GuiComponents\Scene\SceneUtilities</Filter>
    </ClInclude>
    <ClInclude Include="src\GuiComponents\Scene\SceneUtilities\ViewportComponent.h">
      <Filter>GuiComponents\Scene\SceneUtilities</Filter>
    </ClInclude>
  </ItemGroup>
  <ItemGroup>
    <ClCompile Include="src\EditorLayer.cpp" />
    <ClCompile Include="src\GuiComponents\Footer\FooterUI.cpp">
      <Filter>GuiComponents\Footer</Filter>
    </ClCompile>
    <ClCompile Include="src\GuiComponents\Header\HeaderUI.cpp">
      <Filter>GuiComponents\Header</Filter>
    </ClCompile>
    <ClCompile Include="src\GuiComponents\Scene\SceneUI.cpp">
      <Filter>GuiComponents\Scene</Filter>
    </ClCompile>
    <ClCompile Include="src\GuiComponents\Scene\SceneUtilities\ContentBrowserComponent.cpp">
      <Filter>GuiComponents\Scene\SceneUtilities</Filter>
    </ClCompile>
    <ClCompile Include="src\GuiComponents\Scene\SceneUtilities\SceneHierarchyComponent.cpp">
      <Filter>GuiComponents\Scene\SceneUtilities</Filter>
    </ClCompile>
    <ClCompile Include="src\GuiComponents\Scene\SceneUtilities\ViewportComponent.cpp">
      <Filter>GuiComponents\Scene\SceneUtilities</Filter>
    </ClCompile>
    <ClCompile Include="src\Opium_EditorApp.cpp" />
  </ItemGroup>
  <ItemGroup>
    <None Include="assets\shaders\Pbr\Main.glsl" />
    <None Include="assets\shaders\Pbr\Depth.glsl" />
    <None Include="assets\shaders\Pbr\DepthDebug.glsl" />
    <None Include="assets\shaders\Pbr\Test.glsl" />
  </ItemGroup>
</Project>