<?xml version="1.0" encoding="utf-8"?>
<Project ToolsVersion="4.0" xmlns="http://schemas.microsoft.com/developer/msbuild/2003">
  <ItemGroup>
    <Filter Include="GuiComponents">
      <UniqueIdentifier>{109BBE63-7C5B-3A9A-4596-8317B1157F76}</UniqueIdentifier>
    </Filter>
  </ItemGroup>
  <ItemGroup>
    <ClInclude Include="src\EditorLayer.h" />
    <ClInclude Include="src\GuiComponents\SceneHierarchyComponent.h">
      <Filter>GuiComponents</Filter>
    </ClInclude>
    <ClInclude Include="src\GuiComponents\ContentBrowserComponent.h" />
  </ItemGroup>
  <ItemGroup>
    <ClCompile Include="src\EditorLayer.cpp" />
    <ClCompile Include="src\GuiComponents\SceneHierarchyComponent.cpp">
      <Filter>GuiComponents</Filter>
    </ClCompile>
    <ClCompile Include="src\Opium_EditorApp.cpp" />
    <ClCompile Include="src\GuiComponents\ContentBrowserComponent.cpp" />
  </ItemGroup>
</Project>